
Microsoft Visual Studio Solution File, Format Version 12.00
Project("{FAE04EC0-301F-11D3-BF4B-00C04F79EFBC}") = "SchoolHelper.Bot", "SchoolHelper.Bot\SchoolHelper.Bot.csproj", "{88083EEF-9AE1-4073-9E73-F81197276AAA}"
EndProject
Global
	GlobalSection(SolutionConfigurationPlatforms) = preSolution
		Debug|Any CPU = Debug|Any CPU
		Release|Any CPU = Release|Any CPU
	EndGlobalSection
	GlobalSection(ProjectConfigurationPlatforms) = postSolution
		{88083EEF-9AE1-4073-9E73-F81197276AAA}.Debug|Any CPU.ActiveCfg = Debug|Any CPU
		{88083EEF-9AE1-4073-9E73-F81197276AAA}.Debug|Any CPU.Build.0 = Debug|Any CPU
		{88083EEF-9AE1-4073-9E73-F81197276AAA}.Release|Any CPU.ActiveCfg = Release|Any CPU
		{88083EEF-9AE1-4073-9E73-F81197276AAA}.Release|Any CPU.Build.0 = Release|Any CPU
	EndGlobalSection
EndGlobal
